
Microsoft Visual Studio Solution File, Format Version 12.00
# Visual Studio Version 16
VisualStudioVersion = 25.0.1706.1
MinimumVisualStudioVersion = 10.0.40219.1
Project("{FAE04EC0-301F-11D3-BF4B-00C04F79EFBC}") = "I9Form_api", "I9Form_api.csproj", "{FA011AF7-2E17-408F-A0F8-8BF8FAA3F138}"
EndProject
Global
	GlobalSection(SolutionConfigurationPlatforms) = preSolution
		Debug|Any CPU = Debug|Any CPU
		Release|Any CPU = Release|Any CPU
	EndGlobalSection
	GlobalSection(ProjectConfigurationPlatforms) = postSolution
		{FA011AF7-2E17-408F-A0F8-8BF8FAA3F138}.Debug|Any CPU.ActiveCfg = Debug|Any CPU
		{FA011AF7-2E17-408F-A0F8-8BF8FAA3F138}.Debug|Any CPU.Build.0 = Debug|Any CPU
		{FA011AF7-2E17-408F-A0F8-8BF8FAA3F138}.Release|Any CPU.ActiveCfg = Release|Any CPU
		{FA011AF7-2E17-408F-A0F8-8BF8FAA3F138}.Release|Any CPU.Build.0 = Release|Any CPU
	EndGlobalSection
	GlobalSection(SolutionProperties) = preSolution
		HideSolutionNode = FALSE
	EndGlobalSection
	GlobalSection(ExtensibilityGlobals) = postSolution
		SolutionGuid = {0A1C9D81-DE8E-4C22-9B75-1A9EAC26332A}
	EndGlobalSection
EndGlobal
